
Microsoft Visual Studio Solution File, Format Version 12.00
# Visual Studio Version 16
VisualStudioVersion = 16.0.30104.148
MinimumVisualStudioVersion = 10.0.40219.1
Project("{FAE04EC0-301F-11D3-BF4B-00C04F79EFBC}") = "Chapter5-WinForms", "Chapter5-WinForms.csproj", "{103171D2-35B3-426E-BCC3-2E0BD7A42071}"
EndProject
Global
	GlobalSection(SolutionConfigurationPlatforms) = preSolution
		Debug|Any CPU = Debug|Any CPU
		Release|Any CPU = Release|Any CPU
	EndGlobalSection
	GlobalSection(ProjectConfigurationPlatforms) = postSolution
		{103171D2-35B3-426E-BCC3-2E0BD7A42071}.Debug|Any CPU.ActiveCfg = Debug|Any CPU
		{103171D2-35B3-426E-BCC3-2E0BD7A42071}.Debug|Any CPU.Build.0 = Debug|Any CPU
		{103171D2-35B3-426E-BCC3-2E0BD7A42071}.Release|Any CPU.ActiveCfg = Release|Any CPU
		{103171D2-35B3-426E-BCC3-2E0BD7A42071}.Release|Any CPU.Build.0 = Release|Any CPU
	EndGlobalSection
	GlobalSection(SolutionProperties) = preSolution
		HideSolutionNode = FALSE
	EndGlobalSection
	GlobalSection(ExtensibilityGlobals) = postSolution
		SolutionGuid = {47648736-FBFE-4815-A5B7-45054E25A338}
	EndGlobalSection
EndGlobal
